
Microsoft Visual Studio Solution File, Format Version 12.00
# Visual Studio Version 16
VisualStudioVersion = 16.0.30517.126
MinimumVisualStudioVersion = 10.0.40219.1
Project("{FAE04EC0-301F-11D3-BF4B-00C04F79EFBC}") = "Weario.Integration.Functions.PWW", "Weario.Integration.Functions.PWW\Weario.Integration.Functions.PWW.csproj", "{AF2D4154-0F23-46B4-AAFA-280E4E9FDD7E}"
EndProject
Global
	GlobalSection(SolutionConfigurationPlatforms) = preSolution
		Debug|Any CPU = Debug|Any CPU
		Release|Any CPU = Release|Any CPU
	EndGlobalSection
	GlobalSection(ProjectConfigurationPlatforms) = postSolution
		{AF2D4154-0F23-46B4-AAFA-280E4E9FDD7E}.Debug|Any CPU.ActiveCfg = Debug|Any CPU
		{AF2D4154-0F23-46B4-AAFA-280E4E9FDD7E}.Debug|Any CPU.Build.0 = Debug|Any CPU
		{AF2D4154-0F23-46B4-AAFA-280E4E9FDD7E}.Release|Any CPU.ActiveCfg = Release|Any CPU
		{AF2D4154-0F23-46B4-AAFA-280E4E9FDD7E}.Release|Any CPU.Build.0 = Release|Any CPU
	EndGlobalSection
	GlobalSection(SolutionProperties) = preSolution
		HideSolutionNode = FALSE
	EndGlobalSection
	GlobalSection(ExtensibilityGlobals) = postSolution
		SolutionGuid = {A14A4344-04C9-4C89-B781-C9E4DB528699}
	EndGlobalSection
EndGlobal
